
Microsoft Visual Studio Solution File, Format Version 12.00
# Visual Studio 15
Project("{FAE04EC0-301F-11D3-BF4B-00C04F79EFBC}") = "Assembly-CSharp", "Assembly-CSharp.csproj", "{EC5CDCEF-F979-52CC-F272-1629DE4B0336}"
EndProject
Project("{FAE04EC0-301F-11D3-BF4B-00C04F79EFBC}") = "Assembly-CSharp-Editor", "Assembly-CSharp-Editor.csproj", "{A69FED51-375D-6ED2-6C15-59016515C84A}"
EndProject
Global
	GlobalSection(SolutionConfigurationPlatforms) = preSolution
		Debug|Any CPU = Debug|Any CPU
		Release|Any CPU = Release|Any CPU
	EndGlobalSection
	GlobalSection(ProjectConfigurationPlatforms) = postSolution
		{EC5CDCEF-F979-52CC-F272-1629DE4B0336}.Debug|Any CPU.ActiveCfg = Debug|Any CPU
		{EC5CDCEF-F979-52CC-F272-1629DE4B0336}.Debug|Any CPU.Build.0 = Debug|Any CPU
		{EC5CDCEF-F979-52CC-F272-1629DE4B0336}.Release|Any CPU.ActiveCfg = Release|Any CPU
		{EC5CDCEF-F979-52CC-F272-1629DE4B0336}.Release|Any CPU.Build.0 = Release|Any CPU
		{A69FED51-375D-6ED2-6C15-59016515C84A}.Debug|Any CPU.ActiveCfg = Debug|Any CPU
		{A69FED51-375D-6ED2-6C15-59016515C84A}.Debug|Any CPU.Build.0 = Debug|Any CPU
		{A69FED51-375D-6ED2-6C15-59016515C84A}.Release|Any CPU.ActiveCfg = Release|Any CPU
		{A69FED51-375D-6ED2-6C15-59016515C84A}.Release|Any CPU.Build.0 = Release|Any CPU
	EndGlobalSection
	GlobalSection(SolutionProperties) = preSolution
		HideSolutionNode = FALSE
	EndGlobalSection
EndGlobal
